
Microsoft Visual Studio Solution File, Format Version 12.00
# Visual Studio 15
VisualStudioVersion = 15.0.28306.52
MinimumVisualStudioVersion = 10.0.40219.1
Project("{FAE04EC0-301F-11D3-BF4B-00C04F79EFBC}") = "EmployeeApp", "EmployeeApp\EmployeeApp.csproj", "{0483409B-9FA2-41FF-A542-1DCA8678D631}"
EndProject
Global
	GlobalSection(SolutionConfigurationPlatforms) = preSolution
		Debug|Any CPU = Debug|Any CPU
		Release|Any CPU = Release|Any CPU
	EndGlobalSection
	GlobalSection(ProjectConfigurationPlatforms) = postSolution
		{0483409B-9FA2-41FF-A542-1DCA8678D631}.Debug|Any CPU.ActiveCfg = Debug|Any CPU
		{0483409B-9FA2-41FF-A542-1DCA8678D631}.Debug|Any CPU.Build.0 = Debug|Any CPU
		{0483409B-9FA2-41FF-A542-1DCA8678D631}.Release|Any CPU.ActiveCfg = Release|Any CPU
		{0483409B-9FA2-41FF-A542-1DCA8678D631}.Release|Any CPU.Build.0 = Release|Any CPU
	EndGlobalSection
	GlobalSection(SolutionProperties) = preSolution
		HideSolutionNode = FALSE
	EndGlobalSection
	GlobalSection(ExtensibilityGlobals) = postSolution
		SolutionGuid = {C6C99C62-3B38-4DDD-AC76-C8CCF14FDB8D}
	EndGlobalSection
EndGlobal
